
Microsoft Visual Studio Solution File, Format Version 12.00
# Visual Studio 14
VisualStudioVersion = 14.0.25420.1
MinimumVisualStudioVersion = 10.0.40219.1
Project("{FAE04EC0-301F-11D3-BF4B-00C04F79EFBC}") = "CrossOverAssignment", "CrossOverAssignment\CrossOverAssignment.csproj", "{0095BDEE-D98B-4B12-8BA5-1649121FFDB4}"
EndProject
Project("{FAE04EC0-301F-11D3-BF4B-00C04F79EFBC}") = "CrossOverAssignment.Business", "CrossOverAssignment.Business\CrossOverAssignment.Business.csproj", "{1A759DAD-C074-4E36-B2C8-B082BC5E9A45}"
EndProject
Project("{FAE04EC0-301F-11D3-BF4B-00C04F79EFBC}") = "CrossOverAssignment.DAL", "CrossOverAssignment.DAL\CrossOverAssignment.DAL.csproj", "{1C6B6252-C0E5-4661-92F0-A361BA48847D}"
EndProject
Project("{FAE04EC0-301F-11D3-BF4B-00C04F79EFBC}") = "CrossOverAssignment.Security", "CrossOverAssignment.Security\CrossOverAssignment.Security.csproj", "{8945B8DE-3553-48D4-B12B-0FE2ED0DC3D0}"
EndProject
Project("{FAE04EC0-301F-11D3-BF4B-00C04F79EFBC}") = "CrossOverAssignment.WebService", "CrossOverAssignment.WebService\CrossOverAssignment.WebService.csproj", "{01F2A074-6594-45CD-B7FF-A55EEA12D02E}"
EndProject
Project("{FAE04EC0-301F-11D3-BF4B-00C04F79EFBC}") = "CrossOverAssignment.Dtos", "CrossOverAssignment.Dtos\CrossOverAssignment.Dtos.csproj", "{A2C51BAD-C039-4042-909B-1F4452F4E3E7}"
EndProject
Global
	GlobalSection(SolutionConfigurationPlatforms) = preSolution
		Debug|Any CPU = Debug|Any CPU
		Release|Any CPU = Release|Any CPU
	EndGlobalSection
	GlobalSection(ProjectConfigurationPlatforms) = postSolution
		{0095BDEE-D98B-4B12-8BA5-1649121FFDB4}.Debug|Any CPU.ActiveCfg = Debug|Any CPU
		{0095BDEE-D98B-4B12-8BA5-1649121FFDB4}.Debug|Any CPU.Build.0 = Debug|Any CPU
		{0095BDEE-D98B-4B12-8BA5-1649121FFDB4}.Release|Any CPU.ActiveCfg = Release|Any CPU
		{0095BDEE-D98B-4B12-8BA5-1649121FFDB4}.Release|Any CPU.Build.0 = Release|Any CPU
		{1A759DAD-C074-4E36-B2C8-B082BC5E9A45}.Debug|Any CPU.ActiveCfg = Debug|Any CPU
		{1A759DAD-C074-4E36-B2C8-B082BC5E9A45}.Debug|Any CPU.Build.0 = Debug|Any CPU
		{1A759DAD-C074-4E36-B2C8-B082BC5E9A45}.Release|Any CPU.ActiveCfg = Release|Any CPU
		{1A759DAD-C074-4E36-B2C8-B082BC5E9A45}.Release|Any CPU.Build.0 = Release|Any CPU
		{1C6B6252-C0E5-4661-92F0-A361BA48847D}.Debug|Any CPU.ActiveCfg = Debug|Any CPU
		{1C6B6252-C0E5-4661-92F0-A361BA48847D}.Debug|Any CPU.Build.0 = Debug|Any CPU
		{1C6B6252-C0E5-4661-92F0-A361BA48847D}.Release|Any CPU.ActiveCfg = Release|Any CPU
		{1C6B6252-C0E5-4661-92F0-A361BA48847D}.Release|Any CPU.Build.0 = Release|Any CPU
		{8945B8DE-3553-48D4-B12B-0FE2ED0DC3D0}.Debug|Any CPU.ActiveCfg = Debug|Any CPU
		{8945B8DE-3553-48D4-B12B-0FE2ED0DC3D0}.Debug|Any CPU.Build.0 = Debug|Any CPU
		{8945B8DE-3553-48D4-B12B-0FE2ED0DC3D0}.Release|Any CPU.ActiveCfg = Release|Any CPU
		{8945B8DE-3553-48D4-B12B-0FE2ED0DC3D0}.Release|Any CPU.Build.0 = Release|Any CPU
		{01F2A074-6594-45CD-B7FF-A55EEA12D02E}.Debug|Any CPU.ActiveCfg = Debug|Any CPU
		{01F2A074-6594-45CD-B7FF-A55EEA12D02E}.Debug|Any CPU.Build.0 = Debug|Any CPU
		{01F2A074-6594-45CD-B7FF-A55EEA12D02E}.Release|Any CPU.ActiveCfg = Release|Any CPU
		{01F2A074-6594-45CD-B7FF-A55EEA12D02E}.Release|Any CPU.Build.0 = Release|Any CPU
		{A2C51BAD-C039-4042-909B-1F4452F4E3E7}.Debug|Any CPU.ActiveCfg = Debug|Any CPU
		{A2C51BAD-C039-4042-909B-1F4452F4E3E7}.Debug|Any CPU.Build.0 = Debug|Any CPU
		{A2C51BAD-C039-4042-909B-1F4452F4E3E7}.Release|Any CPU.ActiveCfg = Release|Any CPU
		{A2C51BAD-C039-4042-909B-1F4452F4E3E7}.Release|Any CPU.Build.0 = Release|Any CPU
	EndGlobalSection
	GlobalSection(SolutionProperties) = preSolution
		HideSolutionNode = FALSE
	EndGlobalSection
EndGlobal
